
Microsoft Visual Studio Solution File, Format Version 12.00
# Visual Studio 15
VisualStudioVersion = 15.0.28307.1145
MinimumVisualStudioVersion = 10.0.40219.1
Project("{FAE04EC0-301F-11D3-BF4B-00C04F79EFBC}") = "DiabetesApplication", "DiabetesApplication\DiabetesApplication.csproj", "{EA4C0771-8181-43B2-9025-1154CACD7DE9}"
EndProject
Global
	GlobalSection(SolutionConfigurationPlatforms) = preSolution
		Debug|Any CPU = Debug|Any CPU
		Release|Any CPU = Release|Any CPU
	EndGlobalSection
	GlobalSection(ProjectConfigurationPlatforms) = postSolution
		{EA4C0771-8181-43B2-9025-1154CACD7DE9}.Debug|Any CPU.ActiveCfg = Debug|Any CPU
		{EA4C0771-8181-43B2-9025-1154CACD7DE9}.Debug|Any CPU.Build.0 = Debug|Any CPU
		{EA4C0771-8181-43B2-9025-1154CACD7DE9}.Release|Any CPU.ActiveCfg = Release|Any CPU
		{EA4C0771-8181-43B2-9025-1154CACD7DE9}.Release|Any CPU.Build.0 = Release|Any CPU
	EndGlobalSection
	GlobalSection(SolutionProperties) = preSolution
		HideSolutionNode = FALSE
	EndGlobalSection
	GlobalSection(ExtensibilityGlobals) = postSolution
		SolutionGuid = {23D01489-E4AA-4CEC-BCF6-4701F73622E5}
	EndGlobalSection
EndGlobal
